
Microsoft Visual Studio Solution File, Format Version 12.00
# Visual Studio Version 16
VisualStudioVersion = 16.0.28803.352
MinimumVisualStudioVersion = 10.0.40219.1
Project("{FAE04EC0-301F-11D3-BF4B-00C04F79EFBC}") = "AlarmProjectButenko", "AlarmProjectButenko\AlarmProjectButenko.csproj", "{70DDBA0B-4983-4033-B81D-91AB675232EF}"
EndProject
Project("{FAE04EC0-301F-11D3-BF4B-00C04F79EFBC}") = "Client", "Client\Client.csproj", "{6B47E565-474D-494C-98C6-461854EBF8E9}"
EndProject
Project("{FAE04EC0-301F-11D3-BF4B-00C04F79EFBC}") = "AlarmEntityFramework", "AlarmEntityFramework\AlarmEntityFramework.csproj", "{6BD11A67-0FED-4C33-B0FD-1D1497798F7D}"
EndProject
Global
	GlobalSection(SolutionConfigurationPlatforms) = preSolution
		Debug|Any CPU = Debug|Any CPU
		Release|Any CPU = Release|Any CPU
	EndGlobalSection
	GlobalSection(ProjectConfigurationPlatforms) = postSolution
		{70DDBA0B-4983-4033-B81D-91AB675232EF}.Debug|Any CPU.ActiveCfg = Debug|Any CPU
		{70DDBA0B-4983-4033-B81D-91AB675232EF}.Debug|Any CPU.Build.0 = Debug|Any CPU
		{70DDBA0B-4983-4033-B81D-91AB675232EF}.Release|Any CPU.ActiveCfg = Release|Any CPU
		{70DDBA0B-4983-4033-B81D-91AB675232EF}.Release|Any CPU.Build.0 = Release|Any CPU
		{6B47E565-474D-494C-98C6-461854EBF8E9}.Debug|Any CPU.ActiveCfg = Debug|Any CPU
		{6B47E565-474D-494C-98C6-461854EBF8E9}.Debug|Any CPU.Build.0 = Debug|Any CPU
		{6B47E565-474D-494C-98C6-461854EBF8E9}.Release|Any CPU.ActiveCfg = Release|Any CPU
		{6B47E565-474D-494C-98C6-461854EBF8E9}.Release|Any CPU.Build.0 = Release|Any CPU
		{6BD11A67-0FED-4C33-B0FD-1D1497798F7D}.Debug|Any CPU.ActiveCfg = Debug|Any CPU
		{6BD11A67-0FED-4C33-B0FD-1D1497798F7D}.Debug|Any CPU.Build.0 = Debug|Any CPU
		{6BD11A67-0FED-4C33-B0FD-1D1497798F7D}.Release|Any CPU.ActiveCfg = Release|Any CPU
		{6BD11A67-0FED-4C33-B0FD-1D1497798F7D}.Release|Any CPU.Build.0 = Release|Any CPU
	EndGlobalSection
	GlobalSection(SolutionProperties) = preSolution
		HideSolutionNode = FALSE
	EndGlobalSection
	GlobalSection(ExtensibilityGlobals) = postSolution
		SolutionGuid = {9F20F91A-172F-4574-A197-1865B33CC329}
	EndGlobalSection
EndGlobal
